
Microsoft Visual Studio Solution File, Format Version 12.00
# Visual Studio Version 16
VisualStudioVersion = 16.0.31019.35
MinimumVisualStudioVersion = 10.0.40219.1
Project("{FAE04EC0-301F-11D3-BF4B-00C04F79EFBC}") = "WeatherGrpcService", "WeatherGrpcService\WeatherGrpcService.csproj", "{04AFAD17-11FA-41F4-B280-443C78F0028A}"
EndProject
Global
	GlobalSection(SolutionConfigurationPlatforms) = preSolution
		Debug|Any CPU = Debug|Any CPU
		Release|Any CPU = Release|Any CPU
	EndGlobalSection
	GlobalSection(ProjectConfigurationPlatforms) = postSolution
		{04AFAD17-11FA-41F4-B280-443C78F0028A}.Debug|Any CPU.ActiveCfg = Debug|Any CPU
		{04AFAD17-11FA-41F4-B280-443C78F0028A}.Debug|Any CPU.Build.0 = Debug|Any CPU
		{04AFAD17-11FA-41F4-B280-443C78F0028A}.Release|Any CPU.ActiveCfg = Release|Any CPU
		{04AFAD17-11FA-41F4-B280-443C78F0028A}.Release|Any CPU.Build.0 = Release|Any CPU
	EndGlobalSection
	GlobalSection(SolutionProperties) = preSolution
		HideSolutionNode = FALSE
	EndGlobalSection
	GlobalSection(ExtensibilityGlobals) = postSolution
		SolutionGuid = {C4E5D29E-D00D-4792-BEE4-0ED9DC89F4FD}
	EndGlobalSection
EndGlobal
